
Microsoft Visual Studio Solution File, Format Version 12.00
# Visual Studio Version 17
VisualStudioVersion = 17.10.35013.160
MinimumVisualStudioVersion = 10.0.40219.1
Project("{F184B08F-C81C-45F6-A57F-5ABD9991F28F}") = "Library Management System 2.0", "Library Management System 2.0\Library Management System 2.0.vbproj", "{13C8F07C-E8E3-4270-B41D-BFCAB84DFC31}"
EndProject
Global
	GlobalSection(SolutionConfigurationPlatforms) = preSolution
		Debug|Any CPU = Debug|Any CPU
		Release|Any CPU = Release|Any CPU
	EndGlobalSection
	GlobalSection(ProjectConfigurationPlatforms) = postSolution
		{13C8F07C-E8E3-4270-B41D-BFCAB84DFC31}.Debug|Any CPU.ActiveCfg = Debug|Any CPU
		{13C8F07C-E8E3-4270-B41D-BFCAB84DFC31}.Debug|Any CPU.Build.0 = Debug|Any CPU
		{13C8F07C-E8E3-4270-B41D-BFCAB84DFC31}.Release|Any CPU.ActiveCfg = Release|Any CPU
		{13C8F07C-E8E3-4270-B41D-BFCAB84DFC31}.Release|Any CPU.Build.0 = Release|Any CPU
	EndGlobalSection
	GlobalSection(SolutionProperties) = preSolution
		HideSolutionNode = FALSE
	EndGlobalSection
	GlobalSection(ExtensibilityGlobals) = postSolution
		SolutionGuid = {35D9FBA1-099D-44D5-AF4D-745B3563F6CB}
	EndGlobalSection
EndGlobal
